<?xml version="1.0" encoding="utf-8"?>
<Project ToolsVersion="4.0" xmlns="http://schemas.microsoft.com/developer/msbuild/2003">
  <ItemGroup>
    <Filter Include="99. Defines">
      <UniqueIdentifier>{d0e54a09-198b-4260-ade5-c39ff5b26346}</UniqueIdentifier>
    </Filter>
    <Filter Include="01. Utility">
      <UniqueIdentifier>{8d1d710a-2b5b-4929-974e-97740f39f91d}</UniqueIdentifier>
    </Filter>
    <Filter Include="01. Utility\01. Levels">
      <UniqueIdentifier>{fa29f4da-4593-45c0-9c84-f2268fec1c0b}</UniqueIdentifier>
    </Filter>
    <Filter Include="01. Utility\01. Levels\Manager">
      <UniqueIdentifier>{c43448e8-4761-41cd-9f85-ab9f33c74985}</UniqueIdentifier>
    </Filter>
    <Filter Include="01. Utility\02. GameObjects">
      <UniqueIdentifier>{43e5d70b-86fa-40c9-b39f-9f2eff934aa0}</UniqueIdentifier>
    </Filter>
    <Filter Include="01. Utility\02. GameObjects\99. Manager">
      <UniqueIdentifier>{b0093708-fcff-453f-a7af-31c2ec871513}</UniqueIdentifier>
    </Filter>
    <Filter Include="01. Utility\02. GameObjects\01. Camera">
      <UniqueIdentifier>{94686ab7-21b7-49fa-a356-ccb201511af8}</UniqueIdentifier>
    </Filter>
    <Filter Include="01. Utility\02. GameObjects\00. Layer">
      <UniqueIdentifier>{011c11ea-c003-40e5-9051-8e93b908a184}</UniqueIdentifier>
    </Filter>
    <Filter Include="01. Utility\99. SuperClass">
      <UniqueIdentifier>{44a8a7cb-d2da-403d-87ee-1a2874baef33}</UniqueIdentifier>
    </Filter>
    <Filter Include="01. Utility\98. Renderer">
      <UniqueIdentifier>{f5523365-7705-4c28-8e90-85eee243de99}</UniqueIdentifier>
    </Filter>
    <Filter Include="01. Utility\03. Components">
      <UniqueIdentifier>{fa7483e5-d51b-4fe4-b037-043545b4e7c3}</UniqueIdentifier>
    </Filter>
    <Filter Include="01. Utility\03. Components\00. VIBuffer">
      <UniqueIdentifier>{3b5eaffc-58d3-4973-ba3a-3e1b66374964}</UniqueIdentifier>
    </Filter>
    <Filter Include="01. Utility\03. Components\00. VIBuffer\Rect">
      <UniqueIdentifier>{1c3282f8-0db7-4d7a-ba72-b0fe57aa2314}</UniqueIdentifier>
    </Filter>
    <Filter Include="01. Utility\03. Components\01. Transform">
      <UniqueIdentifier>{2b938682-393e-41ad-8d11-c9a067770e48}</UniqueIdentifier>
    </Filter>
    <Filter Include="01. Utility\03. Components\02. Texture">
      <UniqueIdentifier>{f7b2330b-238a-49ae-b36a-7d5a38741941}</UniqueIdentifier>
    </Filter>
    <Filter Include="01. Utility\00. GameInstance">
      <UniqueIdentifier>{c0ebda6b-598f-4148-ada3-a52766431af3}</UniqueIdentifier>
    </Filter>
    <Filter Include="00. System">
      <UniqueIdentifier>{1a19cb95-8c54-4580-9bac-d90c8097c672}</UniqueIdentifier>
    </Filter>
    <Filter Include="00. System\00. Device">
      <UniqueIdentifier>{c07587fb-53fc-43c6-aa64-fa335183d65e}</UniqueIdentifier>
    </Filter>
    <Filter Include="00. System\00. Device\00. Graphic">
      <UniqueIdentifier>{cfb8e694-d194-4871-8c34-023cd87ba3f9}</UniqueIdentifier>
    </Filter>
    <Filter Include="00. System\00. Device\01. Input">
      <UniqueIdentifier>{2a29d652-f4d6-4106-90ce-604b5dad4969}</UniqueIdentifier>
    </Filter>
    <Filter Include="00. System\01. Timers">
      <UniqueIdentifier>{ef27a88d-d315-45c9-9568-854be87df467}</UniqueIdentifier>
    </Filter>
    <Filter Include="00. System\01. Timers\Manager">
      <UniqueIdentifier>{e3ce577e-aea9-4224-8a22-73a941cc9068}</UniqueIdentifier>
    </Filter>
    <Filter Include="01. Utility\03. Components\03. Shader">
      <UniqueIdentifier>{1596a05b-9026-4c8f-9c9c-cc36c0823e6a}</UniqueIdentifier>
    </Filter>
    <Filter Include="01. Utility\03. Components\99. Manager">
      <UniqueIdentifier>{cb9b957b-07cb-40f3-8bd3-fe69fdcaff14}</UniqueIdentifier>
    </Filter>
    <Filter Include="01. Utility\50. BrainTree">
      <UniqueIdentifier>{8f3173b8-df10-4f93-8844-c94e272f96a7}</UniqueIdentifier>
    </Filter>
    <Filter Include="01. Utility\50. BrainTree\Nodes">
      <UniqueIdentifier>{f119efed-a87b-4677-b335-35e4aaacfc96}</UniqueIdentifier>
    </Filter>
    <Filter Include="00. System\02. Sound">
      <UniqueIdentifier>{c118ba01-f5c4-4c93-8f15-b4c6846f31b8}</UniqueIdentifier>
    </Filter>
    <Filter Include="01. Utility\03. Components\00. VIBuffer\Terrain">
      <UniqueIdentifier>{5acc8d6c-cdac-4363-81f8-072aaa4cc652}</UniqueIdentifier>
    </Filter>
    <Filter Include="01. Utility\04. PipeLine">
      <UniqueIdentifier>{2d6c8f69-9ac5-4f15-9af2-c0d1de87cf63}</UniqueIdentifier>
    </Filter>
  </ItemGroup>
  <ItemGroup>
    <ClInclude Include="..\public\Base.h">
      <Filter>01. Utility\99. SuperClass</Filter>
    </ClInclude>
    <ClInclude Include="..\Public\Engine_Macro.h">
      <Filter>99. Defines</Filter>
    </ClInclude>
    <ClInclude Include="..\Public\Engine_Typedef.h">
      <Filter>99. Defines</Filter>
    </ClInclude>
    <ClInclude Include="..\Public\Engine_Function.h">
      <Filter>99. Defines</Filter>
    </ClInclude>
    <ClInclude Include="..\Public\Engine_Defines.h">
      <Filter>99. Defines</Filter>
    </ClInclude>
    <ClInclude Include="..\public\GameInstance.h">
      <Filter>01. Utility\00. GameInstance</Filter>
    </ClInclude>
    <ClInclude Include="..\Public\Engine_Struct.h">
      <Filter>99. Defines</Filter>
    </ClInclude>
    <ClInclude Include="..\Public\Graphic_Device.h">
      <Filter>00. System\00. Device\00. Graphic</Filter>
    </ClInclude>
    <ClInclude Include="..\Public\Timer_Manager.h">
      <Filter>00. System\01. Timers\Manager</Filter>
    </ClInclude>
    <ClInclude Include="..\Public\Timer.h">
      <Filter>00. System\01. Timers</Filter>
    </ClInclude>
    <ClInclude Include="..\Public\Level.h">
      <Filter>01. Utility\01. Levels</Filter>
    </ClInclude>
    <ClInclude Include="..\Public\Level_Manager.h">
      <Filter>01. Utility\01. Levels\Manager</Filter>
    </ClInclude>
    <ClInclude Include="..\Public\GameObject.h">
      <Filter>01. Utility\02. GameObjects</Filter>
    </ClInclude>
    <ClInclude Include="..\Public\Layer.h">
      <Filter>01. Utility\02. GameObjects\00. Layer</Filter>
    </ClInclude>
    <ClInclude Include="..\Public\Object_Manager.h">
      <Filter>01. Utility\02. GameObjects\99. Manager</Filter>
    </ClInclude>
    <ClInclude Include="..\Public\Renderer.h">
      <Filter>01. Utility\98. Renderer</Filter>
    </ClInclude>
    <ClInclude Include="..\Public\Component.h">
      <Filter>01. Utility\03. Components</Filter>
    </ClInclude>
    <ClInclude Include="..\public\VIBuffer.h">
      <Filter>01. Utility\03. Components\00. VIBuffer</Filter>
    </ClInclude>
    <ClInclude Include="..\public\VIBuffer_Rect.h">
      <Filter>01. Utility\03. Components\00. VIBuffer\Rect</Filter>
    </ClInclude>
    <ClInclude Include="..\Public\Camera.h">
      <Filter>01. Utility\02. GameObjects\01. Camera</Filter>
    </ClInclude>
    <ClInclude Include="..\public\Transform.h">
      <Filter>01. Utility\03. Components\01. Transform</Filter>
    </ClInclude>
    <ClInclude Include="..\public\Shader.h">
      <Filter>01. Utility\03. Components\03. Shader</Filter>
    </ClInclude>
    <ClInclude Include="..\public\Component_Manager.h">
      <Filter>01. Utility\03. Components\99. Manager</Filter>
    </ClInclude>
    <ClInclude Include="..\Public\BehaviorTree.h">
      <Filter>01. Utility\50. BrainTree</Filter>
    </ClInclude>
    <ClInclude Include="..\public\Texture.h">
      <Filter>01. Utility\03. Components\02. Texture</Filter>
    </ClInclude>
    <ClInclude Include="..\Public\VIBuffer_Terrain.h">
      <Filter>01. Utility\03. Components\00. VIBuffer\Terrain</Filter>
    </ClInclude>
    <ClInclude Include="..\public\PipeLine.h">
      <Filter>01. Utility\04. PipeLine</Filter>
    </ClInclude>
    <ClInclude Include="..\public\Input_Device.h">
      <Filter>00. System\00. Device\01. Input</Filter>
    </ClInclude>
  </ItemGroup>
  <ItemGroup>
    <ClCompile Include="..\private\Base.cpp">
      <Filter>01. Utility\99. SuperClass</Filter>
    </ClCompile>
    <ClCompile Include="..\private\GameInstance.cpp">
      <Filter>01. Utility\00. GameInstance</Filter>
    </ClCompile>
    <ClCompile Include="..\Private\Graphic_Device.cpp">
      <Filter>00. System\00. Device\00. Graphic</Filter>
    </ClCompile>
    <ClCompile Include="..\Private\Timer_Manager.cpp">
      <Filter>00. System\01. Timers\Manager</Filter>
    </ClCompile>
    <ClCompile Include="..\Private\Timer.cpp">
      <Filter>00. System\01. Timers</Filter>
    </ClCompile>
    <ClCompile Include="..\Private\Level.cpp">
      <Filter>01. Utility\01. Levels</Filter>
    </ClCompile>
    <ClCompile Include="..\Private\Level_Manager.cpp">
      <Filter>01. Utility\01. Levels\Manager</Filter>
    </ClCompile>
    <ClCompile Include="..\Private\GameObject.cpp">
      <Filter>01. Utility\02. GameObjects</Filter>
    </ClCompile>
    <ClCompile Include="..\Private\Layer.cpp">
      <Filter>01. Utility\02. GameObjects\00. Layer</Filter>
    </ClCompile>
    <ClCompile Include="..\Private\Object_Manager.cpp">
      <Filter>01. Utility\02. GameObjects\99. Manager</Filter>
    </ClCompile>
    <ClCompile Include="..\Private\Renderer.cpp">
      <Filter>01. Utility\98. Renderer</Filter>
    </ClCompile>
    <ClCompile Include="..\Private\Component.cpp">
      <Filter>01. Utility\03. Components</Filter>
    </ClCompile>
    <ClCompile Include="..\private\VIBuffer.cpp">
      <Filter>01. Utility\03. Components\00. VIBuffer</Filter>
    </ClCompile>
    <ClCompile Include="..\private\VIBuffer_Rect.cpp">
      <Filter>01. Utility\03. Components\00. VIBuffer\Rect</Filter>
    </ClCompile>
    <ClCompile Include="..\Private\Camera.cpp">
      <Filter>01. Utility\02. GameObjects\01. Camera</Filter>
    </ClCompile>
    <ClCompile Include="..\private\Transform.cpp">
      <Filter>01. Utility\03. Components\01. Transform</Filter>
    </ClCompile>
    <ClCompile Include="..\Private\Shader.cpp">
      <Filter>01. Utility\03. Components\03. Shader</Filter>
    </ClCompile>
    <ClCompile Include="..\Private\Engine_Struct.cpp">
      <Filter>99. Defines</Filter>
    </ClCompile>
    <ClCompile Include="..\private\Component_Manager.cpp">
      <Filter>01. Utility\03. Components\99. Manager</Filter>
    </ClCompile>
    <ClCompile Include="..\Private\BehaviorTree.cpp">
      <Filter>01. Utility\50. BrainTree</Filter>
    </ClCompile>
    <ClCompile Include="..\Private\Texture.cpp">
      <Filter>01. Utility\03. Components\02. Texture</Filter>
    </ClCompile>
    <ClCompile Include="..\Private\VIBuffer_Terrain.cpp">
      <Filter>01. Utility\03. Components\00. VIBuffer\Terrain</Filter>
    </ClCompile>
    <ClCompile Include="..\Private\PipeLine.cpp">
      <Filter>01. Utility\04. PipeLine</Filter>
    </ClCompile>
    <ClCompile Include="..\Private\Input_Device.cpp">
      <Filter>00. System\00. Device\01. Input</Filter>
    </ClCompile>
  </ItemGroup>
</Project>